
Microsoft Visual Studio Solution File, Format Version 12.00
# Visual Studio 15
VisualStudioVersion = 15.0.26124.0
MinimumVisualStudioVersion = 15.0.26124.0
Project("{2150E333-8FDC-42A3-9474-1A3956D46DE8}") = "Code", "Code", "{6215F2EA-E3B9-4CE0-B228-546F08AFB05A}"
EndProject
Project("{FAE04EC0-301F-11D3-BF4B-00C04F79EFBC}") = "MongoDB.Api", "Code\MongoDB.Api\MongoDB.Api.csproj", "{5A4C944E-0AEB-4AEB-951B-F56ED152FE95}"
EndProject
Project("{FAE04EC0-301F-11D3-BF4B-00C04F79EFBC}") = "MongoDB.Business", "Code\MongoDB.Business\MongoDB.Business.csproj", "{09ED3492-6A63-4A08-8A13-21AADE6CE470}"
EndProject
Project("{FAE04EC0-301F-11D3-BF4B-00C04F79EFBC}") = "MongoDB.Data", "Code\MongoDB.Data\MongoDB.Data.csproj", "{F9C383E7-D407-4B31-9AE2-CD99CF600FDA}"
EndProject
Project("{FAE04EC0-301F-11D3-BF4B-00C04F79EFBC}") = "MongoDB.Entities", "Code\MongoDB.Entities\MongoDB.Entities.csproj", "{C5C64B75-278D-4C56-9516-CE2EA42C4DC7}"
EndProject
Project("{FAE04EC0-301F-11D3-BF4B-00C04F79EFBC}") = "MongoDB.Test.Api", "Code\MongoDB.Test.Api\MongoDB.Test.Api.csproj", "{BE8E3EF0-555D-4CB3-94A1-C37E619663D6}"
EndProject
Project("{FAE04EC0-301F-11D3-BF4B-00C04F79EFBC}") = "MongoDB.Test.Business", "Code\MongoDB.Test.Business\MongoDB.Test.Business.csproj", "{2E87D09E-D662-433A-B612-95BAD2C1126E}"
EndProject
Project("{FAE04EC0-301F-11D3-BF4B-00C04F79EFBC}") = "MongoDB.Test.Framework", "Code\MongoDB.Test.Framework\MongoDB.Test.Framework.csproj", "{A862E4C7-8C72-44BD-9E21-E8F4B1D2DDE3}"
EndProject
Project("{2150E333-8FDC-42A3-9474-1A3956D46DE8}") = "Test", "Test", "{A064798A-93FF-4A0C-8E80-68E56CC334CC}"
EndProject
Global
	GlobalSection(SolutionConfigurationPlatforms) = preSolution
		Debug|Any CPU = Debug|Any CPU
		Debug|x64 = Debug|x64
		Debug|x86 = Debug|x86
		Release|Any CPU = Release|Any CPU
		Release|x64 = Release|x64
		Release|x86 = Release|x86
	EndGlobalSection
	GlobalSection(SolutionProperties) = preSolution
		HideSolutionNode = FALSE
	EndGlobalSection
	GlobalSection(ProjectConfigurationPlatforms) = postSolution
		{5A4C944E-0AEB-4AEB-951B-F56ED152FE95}.Debug|Any CPU.ActiveCfg = Debug|Any CPU
		{5A4C944E-0AEB-4AEB-951B-F56ED152FE95}.Debug|Any CPU.Build.0 = Debug|Any CPU
		{5A4C944E-0AEB-4AEB-951B-F56ED152FE95}.Debug|x64.ActiveCfg = Debug|Any CPU
		{5A4C944E-0AEB-4AEB-951B-F56ED152FE95}.Debug|x64.Build.0 = Debug|Any CPU
		{5A4C944E-0AEB-4AEB-951B-F56ED152FE95}.Debug|x86.ActiveCfg = Debug|Any CPU
		{5A4C944E-0AEB-4AEB-951B-F56ED152FE95}.Debug|x86.Build.0 = Debug|Any CPU
		{5A4C944E-0AEB-4AEB-951B-F56ED152FE95}.Release|Any CPU.ActiveCfg = Release|Any CPU
		{5A4C944E-0AEB-4AEB-951B-F56ED152FE95}.Release|Any CPU.Build.0 = Release|Any CPU
		{5A4C944E-0AEB-4AEB-951B-F56ED152FE95}.Release|x64.ActiveCfg = Release|Any CPU
		{5A4C944E-0AEB-4AEB-951B-F56ED152FE95}.Release|x64.Build.0 = Release|Any CPU
		{5A4C944E-0AEB-4AEB-951B-F56ED152FE95}.Release|x86.ActiveCfg = Release|Any CPU
		{5A4C944E-0AEB-4AEB-951B-F56ED152FE95}.Release|x86.Build.0 = Release|Any CPU
		{09ED3492-6A63-4A08-8A13-21AADE6CE470}.Debug|Any CPU.ActiveCfg = Debug|Any CPU
		{09ED3492-6A63-4A08-8A13-21AADE6CE470}.Debug|Any CPU.Build.0 = Debug|Any CPU
		{09ED3492-6A63-4A08-8A13-21AADE6CE470}.Debug|x64.ActiveCfg = Debug|Any CPU
		{09ED3492-6A63-4A08-8A13-21AADE6CE470}.Debug|x64.Build.0 = Debug|Any CPU
		{09ED3492-6A63-4A08-8A13-21AADE6CE470}.Debug|x86.ActiveCfg = Debug|Any CPU
		{09ED3492-6A63-4A08-8A13-21AADE6CE470}.Debug|x86.Build.0 = Debug|Any CPU
		{09ED3492-6A63-4A08-8A13-21AADE6CE470}.Release|Any CPU.ActiveCfg = Release|Any CPU
		{09ED3492-6A63-4A08-8A13-21AADE6CE470}.Release|Any CPU.Build.0 = Release|Any CPU
		{09ED3492-6A63-4A08-8A13-21AADE6CE470}.Release|x64.ActiveCfg = Release|Any CPU
		{09ED3492-6A63-4A08-8A13-21AADE6CE470}.Release|x64.Build.0 = Release|Any CPU
		{09ED3492-6A63-4A08-8A13-21AADE6CE470}.Release|x86.ActiveCfg = Release|Any CPU
		{09ED3492-6A63-4A08-8A13-21AADE6CE470}.Release|x86.Build.0 = Release|Any CPU
		{F9C383E7-D407-4B31-9AE2-CD99CF600FDA}.Debug|Any CPU.ActiveCfg = Debug|Any CPU
		{F9C383E7-D407-4B31-9AE2-CD99CF600FDA}.Debug|Any CPU.Build.0 = Debug|Any CPU
		{F9C383E7-D407-4B31-9AE2-CD99CF600FDA}.Debug|x64.ActiveCfg = Debug|Any CPU
		{F9C383E7-D407-4B31-9AE2-CD99CF600FDA}.Debug|x64.Build.0 = Debug|Any CPU
		{F9C383E7-D407-4B31-9AE2-CD99CF600FDA}.Debug|x86.ActiveCfg = Debug|Any CPU
		{F9C383E7-D407-4B31-9AE2-CD99CF600FDA}.Debug|x86.Build.0 = Debug|Any CPU
		{F9C383E7-D407-4B31-9AE2-CD99CF600FDA}.Release|Any CPU.ActiveCfg = Release|Any CPU
		{F9C383E7-D407-4B31-9AE2-CD99CF600FDA}.Release|Any CPU.Build.0 = Release|Any CPU
		{F9C383E7-D407-4B31-9AE2-CD99CF600FDA}.Release|x64.ActiveCfg = Release|Any CPU
		{F9C383E7-D407-4B31-9AE2-CD99CF600FDA}.Release|x64.Build.0 = Release|Any CPU
		{F9C383E7-D407-4B31-9AE2-CD99CF600FDA}.Release|x86.ActiveCfg = Release|Any CPU
		{F9C383E7-D407-4B31-9AE2-CD99CF600FDA}.Release|x86.Build.0 = Release|Any CPU
		{C5C64B75-278D-4C56-9516-CE2EA42C4DC7}.Debug|Any CPU.ActiveCfg = Debug|Any CPU
		{C5C64B75-278D-4C56-9516-CE2EA42C4DC7}.Debug|Any CPU.Build.0 = Debug|Any CPU
		{C5C64B75-278D-4C56-9516-CE2EA42C4DC7}.Debug|x64.ActiveCfg = Debug|Any CPU
		{C5C64B75-278D-4C56-9516-CE2EA42C4DC7}.Debug|x64.Build.0 = Debug|Any CPU
		{C5C64B75-278D-4C56-9516-CE2EA42C4DC7}.Debug|x86.ActiveCfg = Debug|Any CPU
		{C5C64B75-278D-4C56-9516-CE2EA42C4DC7}.Debug|x86.Build.0 = Debug|Any CPU
		{C5C64B75-278D-4C56-9516-CE2EA42C4DC7}.Release|Any CPU.ActiveCfg = Release|Any CPU
		{C5C64B75-278D-4C56-9516-CE2EA42C4DC7}.Release|Any CPU.Build.0 = Release|Any CPU
		{C5C64B75-278D-4C56-9516-CE2EA42C4DC7}.Release|x64.ActiveCfg = Release|Any CPU
		{C5C64B75-278D-4C56-9516-CE2EA42C4DC7}.Release|x64.Build.0 = Release|Any CPU
		{C5C64B75-278D-4C56-9516-CE2EA42C4DC7}.Release|x86.ActiveCfg = Release|Any CPU
		{C5C64B75-278D-4C56-9516-CE2EA42C4DC7}.Release|x86.Build.0 = Release|Any CPU
		{BE8E3EF0-555D-4CB3-94A1-C37E619663D6}.Debug|Any CPU.ActiveCfg = Debug|Any CPU
		{BE8E3EF0-555D-4CB3-94A1-C37E619663D6}.Debug|Any CPU.Build.0 = Debug|Any CPU
		{BE8E3EF0-555D-4CB3-94A1-C37E619663D6}.Debug|x64.ActiveCfg = Debug|Any CPU
		{BE8E3EF0-555D-4CB3-94A1-C37E619663D6}.Debug|x64.Build.0 = Debug|Any CPU
		{BE8E3EF0-555D-4CB3-94A1-C37E619663D6}.Debug|x86.ActiveCfg = Debug|Any CPU
		{BE8E3EF0-555D-4CB3-94A1-C37E619663D6}.Debug|x86.Build.0 = Debug|Any CPU
		{BE8E3EF0-555D-4CB3-94A1-C37E619663D6}.Release|Any CPU.ActiveCfg = Release|Any CPU
		{BE8E3EF0-555D-4CB3-94A1-C37E619663D6}.Release|Any CPU.Build.0 = Release|Any CPU
		{BE8E3EF0-555D-4CB3-94A1-C37E619663D6}.Release|x64.ActiveCfg = Release|Any CPU
		{BE8E3EF0-555D-4CB3-94A1-C37E619663D6}.Release|x64.Build.0 = Release|Any CPU
		{BE8E3EF0-555D-4CB3-94A1-C37E619663D6}.Release|x86.ActiveCfg = Release|Any CPU
		{BE8E3EF0-555D-4CB3-94A1-C37E619663D6}.Release|x86.Build.0 = Release|Any CPU
		{2E87D09E-D662-433A-B612-95BAD2C1126E}.Debug|Any CPU.ActiveCfg = Debug|Any CPU
		{2E87D09E-D662-433A-B612-95BAD2C1126E}.Debug|Any CPU.Build.0 = Debug|Any CPU
		{2E87D09E-D662-433A-B612-95BAD2C1126E}.Debug|x64.ActiveCfg = Debug|Any CPU
		{2E87D09E-D662-433A-B612-95BAD2C1126E}.Debug|x64.Build.0 = Debug|Any CPU
		{2E87D09E-D662-433A-B612-95BAD2C1126E}.Debug|x86.ActiveCfg = Debug|Any CPU
		{2E87D09E-D662-433A-B612-95BAD2C1126E}.Debug|x86.Build.0 = Debug|Any CPU
		{2E87D09E-D662-433A-B612-95BAD2C1126E}.Release|Any CPU.ActiveCfg = Release|Any CPU
		{2E87D09E-D662-433A-B612-95BAD2C1126E}.Release|Any CPU.Build.0 = Release|Any CPU
		{2E87D09E-D662-433A-B612-95BAD2C1126E}.Release|x64.ActiveCfg = Release|Any CPU
		{2E87D09E-D662-433A-B612-95BAD2C1126E}.Release|x64.Build.0 = Release|Any CPU
		{2E87D09E-D662-433A-B612-95BAD2C1126E}.Release|x86.ActiveCfg = Release|Any CPU
		{2E87D09E-D662-433A-B612-95BAD2C1126E}.Release|x86.Build.0 = Release|Any CPU
		{A862E4C7-8C72-44BD-9E21-E8F4B1D2DDE3}.Debug|Any CPU.ActiveCfg = Debug|Any CPU
		{A862E4C7-8C72-44BD-9E21-E8F4B1D2DDE3}.Debug|Any CPU.Build.0 = Debug|Any CPU
		{A862E4C7-8C72-44BD-9E21-E8F4B1D2DDE3}.Debug|x64.ActiveCfg = Debug|Any CPU
		{A862E4C7-8C72-44BD-9E21-E8F4B1D2DDE3}.Debug|x64.Build.0 = Debug|Any CPU
		{A862E4C7-8C72-44BD-9E21-E8F4B1D2DDE3}.Debug|x86.ActiveCfg = Debug|Any CPU
		{A862E4C7-8C72-44BD-9E21-E8F4B1D2DDE3}.Debug|x86.Build.0 = Debug|Any CPU
		{A862E4C7-8C72-44BD-9E21-E8F4B1D2DDE3}.Release|Any CPU.ActiveCfg = Release|Any CPU
		{A862E4C7-8C72-44BD-9E21-E8F4B1D2DDE3}.Release|Any CPU.Build.0 = Release|Any CPU
		{A862E4C7-8C72-44BD-9E21-E8F4B1D2DDE3}.Release|x64.ActiveCfg = Release|Any CPU
		{A862E4C7-8C72-44BD-9E21-E8F4B1D2DDE3}.Release|x64.Build.0 = Release|Any CPU
		{A862E4C7-8C72-44BD-9E21-E8F4B1D2DDE3}.Release|x86.ActiveCfg = Release|Any CPU
		{A862E4C7-8C72-44BD-9E21-E8F4B1D2DDE3}.Release|x86.Build.0 = Release|Any CPU
	EndGlobalSection
	GlobalSection(NestedProjects) = preSolution
		{5A4C944E-0AEB-4AEB-951B-F56ED152FE95} = {6215F2EA-E3B9-4CE0-B228-546F08AFB05A}
		{09ED3492-6A63-4A08-8A13-21AADE6CE470} = {6215F2EA-E3B9-4CE0-B228-546F08AFB05A}
		{F9C383E7-D407-4B31-9AE2-CD99CF600FDA} = {6215F2EA-E3B9-4CE0-B228-546F08AFB05A}
		{C5C64B75-278D-4C56-9516-CE2EA42C4DC7} = {6215F2EA-E3B9-4CE0-B228-546F08AFB05A}
		{BE8E3EF0-555D-4CB3-94A1-C37E619663D6} = {A064798A-93FF-4A0C-8E80-68E56CC334CC}
		{2E87D09E-D662-433A-B612-95BAD2C1126E} = {A064798A-93FF-4A0C-8E80-68E56CC334CC}
		{A862E4C7-8C72-44BD-9E21-E8F4B1D2DDE3} = {A064798A-93FF-4A0C-8E80-68E56CC334CC}
	EndGlobalSection
EndGlobal
